
Microsoft Visual Studio Solution File, Format Version 12.00
# Visual Studio 2013
VisualStudioVersion = 12.0.31101.0
MinimumVisualStudioVersion = 10.0.40219.1
Project("{FAE04EC0-301F-11D3-BF4B-00C04F79EFBC}") = "Auth0.SharePoint.ActiveAuthentication", "Auth0.SharePoint.ActiveAuthentication\Auth0.SharePoint.ActiveAuthentication.csproj", "{41BAC138-B2F9-4BBA-B14B-F4199CEEED9F}"
EndProject
Project("{FAE04EC0-301F-11D3-BF4B-00C04F79EFBC}") = "Example", "Example\Example.csproj", "{33370579-1A38-43FA-A6EB-2928F93CC7A1}"
EndProject
Global
	GlobalSection(SolutionConfigurationPlatforms) = preSolution
		Debug|Any CPU = Debug|Any CPU
		Release|Any CPU = Release|Any CPU
	EndGlobalSection
	GlobalSection(ProjectConfigurationPlatforms) = postSolution
		{41BAC138-B2F9-4BBA-B14B-F4199CEEED9F}.Debug|Any CPU.ActiveCfg = Debug|Any CPU
		{41BAC138-B2F9-4BBA-B14B-F4199CEEED9F}.Debug|Any CPU.Build.0 = Debug|Any CPU
		{41BAC138-B2F9-4BBA-B14B-F4199CEEED9F}.Release|Any CPU.ActiveCfg = Release|Any CPU
		{41BAC138-B2F9-4BBA-B14B-F4199CEEED9F}.Release|Any CPU.Build.0 = Release|Any CPU
		{33370579-1A38-43FA-A6EB-2928F93CC7A1}.Debug|Any CPU.ActiveCfg = Debug|Any CPU
		{33370579-1A38-43FA-A6EB-2928F93CC7A1}.Debug|Any CPU.Build.0 = Debug|Any CPU
		{33370579-1A38-43FA-A6EB-2928F93CC7A1}.Release|Any CPU.ActiveCfg = Release|Any CPU
		{33370579-1A38-43FA-A6EB-2928F93CC7A1}.Release|Any CPU.Build.0 = Release|Any CPU
	EndGlobalSection
	GlobalSection(SolutionProperties) = preSolution
		HideSolutionNode = FALSE
	EndGlobalSection
EndGlobal
